{
  "name": "module-13-challenge-orm",
  "version": "1.0.0",
  "lockfileVersion": 1,
  "requires": true,
  "dependencies": {
    "@babel/runtime": {
      "version": "7.13.17",
      "resolved": "https://registry.npmjs.org/@babel/runtime/-/runtime-7.13.17.tgz",
      "integrity": "sha512-NCdgJEelPTSh+FEFylhnP1ylq848l1z9t9N0j1Lfbcw0+KXGjsTvUmkxy+voLLXB5SOKMbLLx4jxYliGrYQseA==",
      "requires": {
        "regenerator-runtime": "^0.13.4"
      }
    },
    "edit-package-json": {
      "version": "0.3.16",
      "resolved": "https://registry.npmjs.org/edit-package-json/-/edit-package-json-0.3.16.tgz",
      "integrity": "sha512-pSjvgx4qX+vSaS/W0eLoF/msEv8gKS1WEn7M1jAWchS512kPiTvprN/DI07D6Y3sacCE0cHoenRM9AYGmWAA8Q==",
      "requires": {
        "@babel/runtime": "^7.13.10",
        "ranges-apply": "^5.0.16",
        "string-left-right": "^4.0.16"
      }
    },
    "lodash.clonedeep": {
      "version": "4.5.0",
      "resolved": "https://registry.npmjs.org/lodash.clonedeep/-/lodash.clonedeep-4.5.0.tgz",
      "integrity": "sha1-4j8/nE+Pvd6HJSnBBxhXoIblzO8="
    },
    "lodash.isplainobject": {
      "version": "4.0.6",
      "resolved": "https://registry.npmjs.org/lodash.isplainobject/-/lodash.isplainobject-4.0.6.tgz",
      "integrity": "sha1-fFJqUtibRcRcxpC4gWO+BJf1UMs="
    },
    "ranges-apply": {
      "version": "5.0.16",
      "resolved": "https://registry.npmjs.org/ranges-apply/-/ranges-apply-5.0.16.tgz",
      "integrity": "sha512-MHM/yhl6PGshg2J2KUgdSe5/8Q03hVPjxQSgJtttciN4Q31ZmTAdXymPZ31MSx6ry2kpLaFSfTadOknhbke/PA==",
      "requires": {
        "@babel/runtime": "^7.13.10",
        "ranges-merge": "^7.0.16"
      }
    },
    "ranges-merge": {
      "version": "7.0.16",
      "resolved": "https://registry.npmjs.org/ranges-merge/-/ranges-merge-7.0.16.tgz",
      "integrity": "sha512-scTCbjfwAmII9vsVdVlKX7Gl6hiuNPrS1PZhgvA60bVRJB+42gFr4oXvqAyuHv/o0qzRaouHm93ghoF/Px3Qiw==",
      "requires": {
        "@babel/runtime": "^7.13.10",
        "ranges-push": "^5.0.16",
        "ranges-sort": "^4.0.16"
      }
    },
    "ranges-push": {
      "version": "5.0.16",
      "resolved": "https://registry.npmjs.org/ranges-push/-/ranges-push-5.0.16.tgz",
      "integrity": "sha512-OcdOEGZxlgUNrG3ISkA2c24hJmiU9u14+tKRX3XWsLVohKbuGEmrKaNP8s7jptqtgEGCGkUK36Js7OdzZUeNlw==",
      "requires": {
        "@babel/runtime": "^7.13.10",
        "ranges-merge": "^7.0.16",
        "string-collapse-leading-whitespace": "^5.0.16",
        "string-trim-spaces-only": "^3.0.16"
      }
    },
    "ranges-sort": {
      "version": "4.0.16",
      "resolved": "https://registry.npmjs.org/ranges-sort/-/ranges-sort-4.0.16.tgz",
      "integrity": "sha512-be/VirTrkl1sX/SxI1zUOABrozTL5yD4ia4PoN6Nirhja0e2JHvd01F0D8eBf4j0aq1o1QBBNy4xc5SPpt/bLw==",
      "requires": {
        "@babel/runtime": "^7.13.10"
      }
    },
    "regenerator-runtime": {
      "version": "0.13.7",
      "resolved": "https://registry.npmjs.org/regenerator-runtime/-/regenerator-runtime-0.13.7.tgz",
      "integrity": "sha512-a54FxoJDIr27pgf7IgeQGxmqUNYrcV338lf/6gH456HZ/PhX+5BcwHXG9ajESmwe6WRO0tAzRUrRmNONWgkrew=="
    },
    "string-collapse-leading-whitespace": {
      "version": "5.0.16",
      "resolved": "https://registry.npmjs.org/string-collapse-leading-whitespace/-/string-collapse-leading-whitespace-5.0.16.tgz",
      "integrity": "sha512-O2NoT22/Wsh7Hv4m82UCV8rfdco5nk8D8jsc88v7doDLxgj3TRx7KFwW8zCdeHJEaiI4YsXZKnKhdCjwU7ISTQ==",
      "requires": {
        "@babel/runtime": "^7.13.10"
      }
    },
    "string-left-right": {
      "version": "4.0.16",
      "resolved": "https://registry.npmjs.org/string-left-right/-/string-left-right-4.0.16.tgz",
      "integrity": "sha512-iu0bufQgWEA/wNHFK0ZgMGU02mwCA2KtInYIHwgSvQlr65AzE4mMYuqqR/IW987BStY3dAQexzsZ45frBH6MOw==",
      "requires": {
        "@babel/runtime": "^7.13.10",
        "lodash.clonedeep": "^4.5.0",
        "lodash.isplainobject": "^4.0.6"
      }
    },
    "string-trim-spaces-only": {
      "version": "3.0.16",
      "resolved": "https://registry.npmjs.org/string-trim-spaces-only/-/string-trim-spaces-only-3.0.16.tgz",
      "integrity": "sha512-P6nor837YZL4/mU9NDhUjGs6j+XpqrZ4v4u8ke3xD4/ACJPg88lulkcp4fkBOshw/ARcnNchFRJ9PpuiRyJvVQ==",
      "requires": {
        "@babel/runtime": "^7.13.10"
      }
    }
  }
}
